
Microsoft Visual Studio Solution File, Format Version 12.00
# Visual Studio 15
VisualStudioVersion = 15.0.28307.421
MinimumVisualStudioVersion = 10.0.40219.1
Project("{FAE04EC0-301F-11D3-BF4B-00C04F79EFBC}") = "KaihatsuEnshuu", "KaihatsuEnshuu\KaihatsuEnshuu.csproj", "{39C909AE-907F-4B86-A3C5-9E92F53A1D25}"
EndProject
Global
	GlobalSection(SolutionConfigurationPlatforms) = preSolution
		Debug|Any CPU = Debug|Any CPU
		Release|Any CPU = Release|Any CPU
	EndGlobalSection
	GlobalSection(ProjectConfigurationPlatforms) = postSolution
		{39C909AE-907F-4B86-A3C5-9E92F53A1D25}.Debug|Any CPU.ActiveCfg = Debug|Any CPU
		{39C909AE-907F-4B86-A3C5-9E92F53A1D25}.Debug|Any CPU.Build.0 = Debug|Any CPU
		{39C909AE-907F-4B86-A3C5-9E92F53A1D25}.Release|Any CPU.ActiveCfg = Release|Any CPU
		{39C909AE-907F-4B86-A3C5-9E92F53A1D25}.Release|Any CPU.Build.0 = Release|Any CPU
	EndGlobalSection
	GlobalSection(SolutionProperties) = preSolution
		HideSolutionNode = FALSE
	EndGlobalSection
	GlobalSection(ExtensibilityGlobals) = postSolution
		SolutionGuid = {051996A6-468A-482B-821C-67ADB966ED29}
	EndGlobalSection
EndGlobal
